PODS:
  - AFNetworking (4.0.1):
    - AFNetworking/NSURLSession (= 4.0.1)
    - AFNetworking/Reachability (= 4.0.1)
    - AFNetworking/Security (= 4.0.1)
    - AFNetworking/Serialization (= 4.0.1)
    - AFNetworking/UIKit (= 4.0.1)
  - AFNetworking/NSURLSession (4.0.1):
    - AFNetworking/Reachability
    - AFNetworking/Security
    - AFNetworking/Serialization
  - AFNetworking/Reachability (4.0.1)
  - AFNetworking/Security (4.0.1)
  - AFNetworking/Serialization (4.0.1)
  - AFNetworking/UIKit (4.0.1):
    - AFNetworking/NSURLSession
  - AMap3DMap (6.9.0):
    - AMapFoundation (~> 1.5)
  - AMapFoundation (1.8.2)
  - AMapLocation (2.6.2):
    - AMapFoundation (~> 1.4)
  - AMapNavi (6.9.1):
    - AMap3DMap (~> 6.7)
    - AMapFoundation (~> 1.5)
  - AMapSearch (6.9.0):
    - AMapFoundation (~> 1.4)
  - AWHBBasicBusiness (1.0.5):
    - AFNetworking
    - AWHBNetworkRequest
    - AWHBoneResources
    - AWHBoneRuntime
    - AWHConnectSocket
    - CocoaAsyncSocket
    - IQKeyboardManager
    - Masonry
    - MBProgressHUD
    - MJExtension
    - SDWebImage
    - YYImage
    - YYModel
  - AWHBGaudeMapBus (1.0.6):
    - AFNetworking
    - AMap3DMap (= 6.9.0)
    - AMapLocation (= 2.6.2)
    - AMapNavi (= 6.9.1)
    - AMapSearch (= 6.9.0)
    - AWHBBasicBusiness
    - AWHBNetworkRequest
    - AWHBoneResources
    - AWHBoneRouter
    - AWHBoneRuntime
    - AWHBPublicBusiness
    - AWHVideoBasePlayer
    - DGCharts
    - FQPhotoAlbum
    - IJKMediaFramework
    - IQKeyboardManager
    - Masonry
    - MBProgressHUD
    - MJExtension
    - MJRefresh
    - YYImage
  - AWHBNetworkRequest (1.0.4):
    - AFNetworking
    - AWHBoneResources
    - AWHBoneRuntime
    - CocoaAsyncSocket
    - Masonry
    - MBProgressHUD
    - SDWebImage
  - AWHBoneResources (1.0.3)
  - AWHBoneRouter (1.0.2)
  - AWHBoneRuntime (1.0.6):
    - AWHBoneResources
  - AWHBPublicBusiness (1.0.11):
    - AFNetworking
    - AWHBBasicBusiness
    - AWHBNetworkRequest
    - AWHBoneResources
    - AWHBoneRouter
    - AWHBoneRuntime
    - AWHOilSwift
    - DGCharts
    - FQPhotoAlbum
    - IQKeyboardManager
    - Masonry
    - MBProgressHUD
    - MJExtension
    - SAMKeychain
    - TZImagePickerController
    - TZImagePickerController/Basic
    - YYImage
  - AWHConnectSocket (1.0.1)
  - AWHMonitoringModule (1.0.5):
    - AFNetworking
    - AMap3DMap (= 6.9.0)
    - AMapLocation (= 2.6.2)
    - AMapNavi (= 6.9.1)
    - AMapSearch (= 6.9.0)
    - AWHBBasicBusiness
    - AWHBGaudeMapBus
    - AWHBNetworkRequest
    - AWHBoneResources
    - AWHBoneRouter
    - AWHBoneRuntime
    - AWHBPublicBusiness
    - AWHOilSwift
    - AWHReportModule
    - AWHSensorStatistics
    - AWHSettingConfig
    - AWHVideoBasePlayer
    - AWHVideoPlayer
    - DGCharts
    - FQPhotoAlbum
    - IJKMediaFramework
    - Masonry
    - MBProgressHUD
    - MJExtension
    - MJRefresh
    - SAMKeychain
    - YYImage
  - AWHOilSwift (1.0.9):
    - DGCharts
  - AWHReportModule (1.0.5):
    - AFNetworking
    - AMap3DMap (= 6.9.0)
    - AMapLocation (= 2.6.2)
    - AMapNavi (= 6.9.1)
    - AMapSearch (= 6.9.0)
    - AWHBBasicBusiness
    - AWHBGaudeMapBus
    - AWHBNetworkRequest
    - AWHBoneResources
    - AWHBoneRouter
    - AWHBoneRuntime
    - AWHBPublicBusiness
    - AWHVideoBasePlayer
    - DGCharts
    - FQPhotoAlbum
    - IJKMediaFramework
    - IQKeyboardManager
    - Masonry
    - MBProgressHUD
    - MJExtension
    - MJRefresh
    - TZImagePickerController
    - TZImagePickerController/Basic
    - YYImage
  - AWHSensorStatistics (1.0.3):
    - AFNetworking
    - AWHBBasicBusiness
    - AWHBNetworkRequest
    - AWHBoneResources
    - AWHBoneRouter
    - AWHBoneRuntime
    - AWHBPublicBusiness
    - AWHOilSwift
    - DGCharts
    - IQKeyboardManager
    - Masonry
    - MBProgressHUD
    - MJExtension
    - MJRefresh
    - YYImage
  - AWHSettingConfig (1.0.1):
    - AFNetworking
    - AMap3DMap
    - AMapLocation
    - AMapNavi
    - AMapSearch
    - AWHBBasicBusiness
    - AWHBGaudeMapBus
    - AWHBNetworkRequest
    - AWHBoneResources
    - AWHBoneRouter
    - AWHBoneRuntime
    - AWHBPublicBusiness
    - AWHReportModule
    - AWHVideoBasePlayer
    - DGCharts
    - FQPhotoAlbum
    - IJKMediaFramework
    - IQKeyboardManager
    - Masonry
    - MBProgressHUD
    - MJExtension
    - MJRefresh
    - SAMKeychain
    - TZImagePickerController
    - TZImagePickerController/Basic
    - YYImage
  - AWHVideoBasePlayer (1.0.1):
    - AFNetworking
    - AWHBBasicBusiness
    - AWHBNetworkRequest
    - AWHBoneResources
    - AWHBoneRouter
    - AWHBoneRuntime
    - AWHBPublicBusiness
    - DGCharts
    - FQPhotoAlbum
    - IJKMediaFramework
    - Masonry
    - MBProgressHUD
    - MJExtension
    - MJRefresh
    - YYImage
  - AWHVideoPlayer (1.0.4):
    - AFNetworking
    - AMap3DMap (= 6.9.0)
    - AMapLocation (= 2.6.2)
    - AMapNavi (= 6.9.1)
    - AMapSearch (= 6.9.0)
    - AWHBBasicBusiness
    - AWHBGaudeMapBus
    - AWHBNetworkRequest
    - AWHBoneResources
    - AWHBoneRouter
    - AWHBoneRuntime
    - AWHBPublicBusiness
    - AWHReportModule
    - DGCharts
    - FQPhotoAlbum
    - IJKMediaFramework
    - Masonry
    - MBProgressHUD
    - MJExtension
    - MJRefresh
    - YYImage
  - CocoaAsyncSocket (7.6.5)
  - DGCharts (5.1.0):
    - DGCharts/Core (= 5.1.0)
  - DGCharts/Core (5.1.0)
  - FFChineseSort (0.0.2)
  - FQPhotoAlbum (1.0)
  - IJKMediaFramework (0.1.5)
  - IQKeyboardManager (6.5.19)
  - LookinServer (1.2.8):
    - LookinServer/Core (= 1.2.8)
  - LookinServer/Core (1.2.8)
  - Masonry (1.1.0)
  - MBProgressHUD (1.1.0)
  - MJExtension (3.4.1)
  - MJRefresh (3.7.5)
  - SAMKeychain (1.5.3)
  - SDCycleScrollView (1.82):
    - SDWebImage (>= 5.0.0)
  - SDWebImage (5.13.3):
    - SDWebImage/Core (= 5.13.3)
  - SDWebImage/Core (5.13.3)
  - TZImagePickerController (3.8.9):
    - TZImagePickerController/Basic (= 3.8.9)
    - TZImagePickerController/Location (= 3.8.9)
  - TZImagePickerController/Basic (3.8.9)
  - TZImagePickerController/Location (3.8.9)
  - UMCommon (7.3.5):
    - UMDevice
  - UMDevice (2.0.5)
  - UMShare/Core (6.10.3):
    - UMCommon
  - UMShare/Social/ReducedWeChat (6.10.3):
    - UMCommon
    - UMShare/Core
  - UMShare/Social/WeChat (6.10.3):
    - UMCommon
    - UMShare/Core
    - UMShare/Social/ReducedWeChat
  - UMShare/UI (6.10.3):
    - UMCommon
    - UMShare/Core
  - YYImage (1.0.4):
    - YYImage/Core (= 1.0.4)
  - YYImage/Core (1.0.4)
  - YYModel (1.0.4)

DEPENDENCIES:
  - AFNetworking (= 4.0.1)
  - AMap3DMap (= 6.9.0)
  - AMapLocation (= 2.6.2)
  - AMapNavi (= 6.9.1)
  - AMapSearch (= 6.9.0)
  - AWHBBasicBusiness (= 1.0.5)
  - AWHBGaudeMapBus (= 1.0.6)
  - AWHBNetworkRequest (= 1.0.4)
  - AWHBoneResources (= 1.0.3)
  - AWHBoneRouter (= 1.0.2)
  - AWHBoneRuntime (= 1.0.6)
  - AWHBPublicBusiness (= 1.0.11)
  - AWHConnectSocket (= 1.0.1)
  - AWHMonitoringModule (= 1.0.5)
  - AWHOilSwift (= 1.0.9)
  - AWHReportModule (= 1.0.5)
  - AWHSensorStatistics (= 1.0.3)
  - AWHSettingConfig (= 1.0.1)
  - AWHVideoBasePlayer (= 1.0.1)
  - AWHVideoPlayer (= 1.0.4)
  - CocoaAsyncSocket (= 7.6.5)
  - DGCharts (~> 5.1.0)
  - FFChineseSort (= 0.0.2)
  - FQPhotoAlbum (= 1.0)
  - IJKMediaFramework
  - IQKeyboardManager
  - LookinServer
  - Masonry (= 1.1.0)
  - MBProgressHUD (= 1.1.0)
  - MJExtension (= 3.4.1)
  - MJRefresh (= 3.7.5)
  - SAMKeychain (= 1.5.3)
  - SDCycleScrollView (= 1.82)
  - SDWebImage (= 5.13.3)
  - TZImagePickerController
  - TZImagePickerController/Basic
  - UMCommon (= 7.3.5)
  - UMDevice (= 2.0.5)
  - UMShare/Social/WeChat (= 6.10.3)
  - UMShare/UI (= 6.10.3)
  - YYImage (= 1.0.4)
  - YYModel (= 1.0.4)

SPEC REPOS:
  https://github.com/zhangwen31/AWHGitHubSpec-iOS.git:
    - AWHBBasicBusiness
    - AWHBGaudeMapBus
    - AWHBNetworkRequest
    - AWHBoneResources
    - AWHBoneRouter
    - AWHBoneRuntime
    - AWHBPublicBusiness
    - AWHConnectSocket
    - AWHMonitoringModule
    - AWHOilSwift
    - AWHReportModule
    - AWHSensorStatistics
    - AWHSettingConfig
    - AWHVideoBasePlayer
    - AWHVideoPlayer
  trunk:
    - AFNetworking
    - AMap3DMap
    - AMapFoundation
    - AMapLocation
    - AMapNavi
    - AMapSearch
    - CocoaAsyncSocket
    - DGCharts
    - FFChineseSort
    - FQPhotoAlbum
    - IJKMediaFramework
    - IQKeyboardManager
    - LookinServer
    - Masonry
    - MBProgressHUD
    - MJExtension
    - MJRefresh
    - SAMKeychain
    - SDCycleScrollView
    - SDWebImage
    - TZImagePickerController
    - UMCommon
    - UMDevice
    - UMShare
    - YYImage
    - YYModel

SPEC CHECKSUMS:
  AFNetworking: 3bd23d814e976cd148d7d44c3ab78017b744cd58
  AMap3DMap: c80b264f08f179d9b0949b84c65fc1a51dec9d6f
  AMapFoundation: 9885c48fc3a78fdfb84a0299a2293e56ea3c9fec
  AMapLocation: 89a7e4eb6040d32ba73c77a4966ecc66e46aa7c3
  AMapNavi: 7e7c6ab0b9ad45ddba19297901d63236ff4be710
  AMapSearch: af02822537e55b85a4752e9df5c19e4b9da82031
  AWHBBasicBusiness: 1c5d41797e7601acf4d00f6933392403ef0d4b07
  AWHBGaudeMapBus: 00e7bebcef4ce786c7440c089feecdcfaa4bb220
  AWHBNetworkRequest: e5c8460b2f8cc905b7a11f06eee4749fe2fe5c2a
  AWHBoneResources: 8e455bb99b0b79c5f96339382b19ffa36e51124b
  AWHBoneRouter: 1c03be6357041c85f93bbad3e10d50416ee328c6
  AWHBoneRuntime: 8d72c8c29f281dcfb1b7318de141ae65f1e3015d
  AWHBPublicBusiness: 9283f1298016db719ca442aeadb10db02581b253
  AWHConnectSocket: e577f2952151cd4a326663a2dc90aa43b58892ab
  AWHMonitoringModule: ac8f1018443e02336e10680d287ebcd0acf69303
  AWHOilSwift: d6e37093c747a2c27030e0a5258ffa29acbdba6d
  AWHReportModule: 09e0acddc89805726842aa310c5691e995fad8f1
  AWHSensorStatistics: 7f6f1eec02726f363463003c98d7ea4f8f200d83
  AWHSettingConfig: a41a466895ad3a5603f2b96853330e70a75b821d
  AWHVideoBasePlayer: 3dd126b03360c877555fcdc2425d04775b29c673
  AWHVideoPlayer: 1c88975e4d1dc97204414d36be51ac9d44e8a5d4
  CocoaAsyncSocket: 065fd1e645c7abab64f7a6a2007a48038fdc6a99
  DGCharts: 1c6daf585b6cfc78807af44ea690d357c410627f
  FFChineseSort: 04a4fd2cd6f274567b52bc14cb5c669d5fddb3e8
  FQPhotoAlbum: 14d41f5feeddb605be63756334be066cda4840b3
  IJKMediaFramework: f1119f6324c96bc4654f3045a5beaa95ba0596c0
  IQKeyboardManager: c8665b3396bd0b79402b4c573eac345a31c7d485
  LookinServer: 1b2b61c6402ae29fa22182d48f5cd067b4e99e80
  Masonry: 678fab65091a9290e40e2832a55e7ab731aad201
  MBProgressHUD: e7baa36a220447d8aeb12769bf0585582f3866d9
  MJExtension: 21c5f6f8c4d5d8844b7ae8fbae08fed0b501f961
  MJRefresh: fdf5e979eb406a0341468932d1dfc8b7f9fce961
  SAMKeychain: 483e1c9f32984d50ca961e26818a534283b4cd5c
  SDCycleScrollView: a0d74c3384caa72bdfc81470bdbc8c14b3e1fbcf
  SDWebImage: af5bbffef2cde09f148d826f9733dcde1a9414cd
  TZImagePickerController: 456f470b5dea97b37226ec7a694994a8663340b2
  UMCommon: ab4d875ddefe1b06c60b577e4a58bc4d433ee067
  UMDevice: c13bbb2e8ca6c67d1e23e03162553e3ec5a8b5b0
  UMShare: a3f9cb2d3ece67edd2c58331bd89bfffb289782b
  YYImage: 1e1b62a9997399593e4b9c4ecfbbabbf1d3f3b54
  YYModel: 2a7fdd96aaa4b86a824e26d0c517de8928c04b30

PODFILE CHECKSUM: 10a8bf52a8b45439115a8ec1f57a68f7cafcba8c

COCOAPODS: 1.16.2
